
Microsoft Visual Studio Solution File, Format Version 12.00
Project("{FAE04EC0-301F-11D3-BF4B-00C04F79EFBC}") = "ClassLibrary", "ClassLibrary\ClassLibrary.csproj", "{323FE6F6-BAB7-4992-97C8-F6CAC6F7F969}"
EndProject
Global
	GlobalSection(SolutionConfigurationPlatforms) = preSolution
		Debug|Any CPU = Debug|Any CPU
		Release|Any CPU = Release|Any CPU
	EndGlobalSection
	GlobalSection(ProjectConfigurationPlatforms) = postSolution
		{323FE6F6-BAB7-4992-97C8-F6CAC6F7F969}.Debug|Any CPU.ActiveCfg = Debug|Any CPU
		{323FE6F6-BAB7-4992-97C8-F6CAC6F7F969}.Debug|Any CPU.Build.0 = Debug|Any CPU
		{323FE6F6-BAB7-4992-97C8-F6CAC6F7F969}.Release|Any CPU.ActiveCfg = Release|Any CPU
		{323FE6F6-BAB7-4992-97C8-F6CAC6F7F969}.Release|Any CPU.Build.0 = Release|Any CPU
	EndGlobalSection
EndGlobal
